
Microsoft Visual Studio Solution File, Format Version 12.00
# Visual Studio Version 16
VisualStudioVersion = 16.0.33801.447
MinimumVisualStudioVersion = 10.0.40219.1
Project("{FAE04EC0-301F-11D3-BF4B-00C04F79EFBC}") = "Polish_newNow", "Polish_newNow\Polish_newNow.csproj", "{DAB67B01-8F4D-4CC8-82E5-C0263FC1BF1E}"
EndProject
Global
	GlobalSection(SolutionConfigurationPlatforms) = preSolution
		Debug|Any CPU = Debug|Any CPU
		Release|Any CPU = Release|Any CPU
	EndGlobalSection
	GlobalSection(ProjectConfigurationPlatforms) = postSolution
		{DAB67B01-8F4D-4CC8-82E5-C0263FC1BF1E}.Debug|Any CPU.ActiveCfg = Debug|Any CPU
		{DAB67B01-8F4D-4CC8-82E5-C0263FC1BF1E}.Debug|Any CPU.Build.0 = Debug|Any CPU
		{DAB67B01-8F4D-4CC8-82E5-C0263FC1BF1E}.Release|Any CPU.ActiveCfg = Release|Any CPU
		{DAB67B01-8F4D-4CC8-82E5-C0263FC1BF1E}.Release|Any CPU.Build.0 = Release|Any CPU
	EndGlobalSection
	GlobalSection(SolutionProperties) = preSolution
		HideSolutionNode = FALSE
	EndGlobalSection
	GlobalSection(ExtensibilityGlobals) = postSolution
		SolutionGuid = {130B3C45-FD1E-4F41-85D2-866BE4A7902E}
	EndGlobalSection
EndGlobal
